// !$*UTF8*$!
{
	archiveVersion = 1;
	classes = {
	};
	objectVersion = 50;
	objects = {

/* Begin PBXBuildFile section */
		CEEC7DDF254A8B330013CDBB /* AppDelegate.swift in Sources */ = {isa = PBXBuildFile; fileRef = CEEC7DDE254A8B330013CDBB /* AppDelegate.swift */; };
		CEEC7DE1254A8B330013CDBB /* SceneDelegate.swift in Sources */ = {isa = PBXBuildFile; fileRef = CEEC7DE0254A8B330013CDBB /* SceneDelegate.swift */; };
		CEEC7DE3254A8B330013CDBB /* ContentView.swift in Sources */ = {isa = PBXBuildFile; fileRef = CEEC7DE2254A8B330013CDBB /* ContentView.swift */; };
		CEEC7DE5254A8B390013CDBB /* Assets.xcassets in Resources */ = {isa = PBXBuildFile; fileRef = CEEC7DE4254A8B390013CDBB /* Assets.xcassets */; };
		CEEC7DE8254A8B390013CDBB /* Preview Assets.xcassets in Resources */ = {isa = PBXBuildFile; fileRef = CEEC7DE7254A8B390013CDBB /* Preview Assets.xcassets */; };
		CEEC7DEB254A8B390013CDBB /* LaunchScreen.storyboard in Resources */ = {isa = PBXBuildFile; fileRef = CEEC7DE9254A8B390013CDBB /* LaunchScreen.storyboard */; };
/* End PBXBuildFile section */

/* Begin PBXFileReference section */
		CEEC7DDB254A8B330013CDBB /* UIStack02.app */ = {isa = PBXFileReference; explicitFileType = wrapper.application; includeInIndex = 0; path = UIStack02.app; sourceTree = BUILT_PRODUCTS_DIR; };
		CEEC7DDE254A8B330013CDBB /* AppDelegate.swift */ = {isa = PBXFileReference; lastKnownFileType = sourcecode.swift; path = AppDelegate.swift; sourceTree = "<group>"; };
		CEEC7DE0254A8B330013CDBB /* SceneDelegate.swift */ = {isa = PBXFileReference; lastKnownFileType = sourcecode.swift; path = SceneDelegate.swift; sourceTree = "<group>"; };
		CEEC7DE2254A8B330013CDBB /* ContentView.swift */ = {isa = PBXFileReference; lastKnownFileType = sourcecode.swift; path = ContentView.swift; sourceTree = "<group>"; };
		CEEC7DE4254A8B390013CDBB /* Assets.xcassets */ = {isa = PBXFileReference; lastKnownFileType = folder.assetcatalog; path = Assets.xcassets; sourceTree = "<group>"; };
		CEEC7DE7254A8B390013CDBB /* Preview Assets.xcassets */ = {isa = PBXFileReference; lastKnownFileType = folder.assetcatalog; path = "Preview Assets.xcassets"; sourceTree = "<group>"; };
		CEEC7DEA254A8B390013CDBB /* Base */ = {isa = PBXFileReference; lastKnownFileType = file.storyboard; name = Base; path = Base.lproj/LaunchScreen.storyboard; sourceTree = "<group>"; };
		CEEC7DEC254A8B390013CDBB /* Info.plist */ = {isa = PBXFileReference; lastKnownFileType = text.plist.xml; path = Info.plist; sourceTree = "<group>"; };
/* End PBXFileReference section */

/* Begin PBXFrameworksBuildPhase section */
		CEEC7DD8254A8B330013CDBB /* Frameworks */ = {
			isa = PBXFrameworksBuildPhase;
			buildActionMask = 2147483647;
			files = (
			);
			runOnlyForDeploymentPostprocessing = 0;
		};
/* End PBXFrameworksBuildPhase section */

/* Begin PBXGroup section */
		CEEC7DD2254A8B330013CDBB = {
			isa = PBXGroup;
			children = (
				CEEC7DDD254A8B330013CDBB /* UIStack02 */,
				CEEC7DDC254A8B330013CDBB /* Products */,
			);
			sourceTree = "<group>";
		};
		CEEC7DDC254A8B330013CDBB /* Products */ = {
			isa = PBXGroup;
			children = (
				CEEC7DDB254A8B330013CDBB /* UIStack02.app */,
			);
			name = Products;
			sourceTree = "<group>";
		};
		CEEC7DDD254A8B330013CDBB /* UIStack02 */ = {
			isa = PBXGroup;
			children = (
				CEEC7DDE254A8B330013CDBB /* AppDelegate.swift */,
				CEEC7DE0254A8B330013CDBB /* SceneDelegate.swift */,
				CEEC7DE2254A8B330013CDBB /* ContentView.swift */,
				CEEC7DE4254A8B390013CDBB /* Assets.xcassets */,
				CEEC7DE9254A8B390013CDBB /* LaunchScreen.storyboard */,
				CEEC7DEC254A8B390013CDBB /* Info.plist */,
				CEEC7DE6254A8B390013CDBB /* Preview Content */,
			);
			path = UIStack02;
			sourceTree = "<group>";
		};
		CEEC7DE6254A8B390013CDBB /* Preview Content */ = {
			isa = PBXGroup;
			children = (
				CEEC7DE7254A8B390013CDBB /* Preview Assets.xcassets */,
			);
			path = "Preview Content";
			sourceTree = "<group>";
		};
/* End PBXGroup section */

/* Begin PBXNativeTarget section */
		CEEC7DDA254A8B330013CDBB /* UIStack02 */ = {
			isa = PBXNativeTarget;
			buildConfigurationList = CEEC7DEF254A8B390013CDBB /* Build configuration list for PBXNativeTarget "UIStack02" */;
			buildPhases = (
				CEEC7DD7254A8B330013CDBB /* Sources */,
				CEEC7DD8254A8B330013CDBB /* Frameworks */,
				CEEC7DD9254A8B330013CDBB /* Resources */,
			);
			buildRules = (
			);
			dependencies = (
			);
			name = UIStack02;
			productName = UIStack02;
			productReference = CEEC7DDB254A8B330013CDBB /* UIStack02.app */;
			productType = "com.apple.product-type.application";
		};
/* End PBXNativeTarget section */

/* Begin PBXProject section */
		CEEC7DD3254A8B330013CDBB /* Project object */ = {
			isa = PBXProject;
			attributes = {
				LastSwiftUpdateCheck = 1170;
				LastUpgradeCheck = 1170;
				ORGANIZATIONNAME = FCU;
				TargetAttributes = {
					CEEC7DDA254A8B330013CDBB = {
						CreatedOnToolsVersion = 11.7;
					};
				};
			};
			buildConfigurationList = CEEC7DD6254A8B330013CDBB /* Build configuration list for PBXProject "UIStack02" */;
			compatibilityVersion = "Xcode 9.3";
			developmentRegion = en;
			hasScannedForEncodings = 0;
			knownRegions = (
				en,
				Base,
			);
			mainGroup = CEEC7DD2254A8B330013CDBB;
			productRefGroup = CEEC7DDC254A8B330013CDBB /* Products */;
			projectDirPath = "";
			projectRoot = "";
			targets = (
				CEEC7DDA254A8B330013CDBB /* UIStack02 */,
			);
		};
/* End PBXProject section */

/* Begin PBXResourcesBuildPhase section */
		CEEC7DD9254A8B330013CDBB /* Resources */ = {
			isa = PBXResourcesBuildPhase;
			buildActionMask = 2147483647;
			files = (
				CEEC7DEB254A8B390013CDBB /* LaunchScreen.storyboard in Resources */,
				CEEC7DE8254A8B390013CDBB /* Preview Assets.xcassets in Resources */,
				CEEC7DE5254A8B390013CDBB /* Assets.xcassets in Resources */,
			);
			runOnlyForDeploymentPostprocessing = 0;
		};
/* End PBXResourcesBuildPhase section */

/* Begin PBXSourcesBuildPhase section */
		CEEC7DD7254A8B330013CDBB /* Sources */ = {
			isa = PBXSourcesBuildPhase;
			buildActionMask = 2147483647;
			files = (
				CEEC7DDF254A8B330013CDBB /* AppDelegate.swift in Sources */,
				CEEC7DE1254A8B330013CDBB /* SceneDelegate.swift in Sources */,
				CEEC7DE3254A8B330013CDBB /* ContentView.swift in Sources */,
			);
			runOnlyForDeploymentPostprocessing = 0;
		};
/* End PBXSourcesBuildPhase section */

/* Begin PBXVariantGroup section */
		CEEC7DE9254A8B390013CDBB /* LaunchScreen.storyboard */ = {
			isa = PBXVariantGroup;
			children = (
				CEEC7DEA254A8B390013CDBB /* Base */,
			);
			name = LaunchScreen.storyboard;
			sourceTree = "<group>";
		};
/* End PBXVariantGroup section */

/* Begin XCBuildConfiguration section */
		CEEC7DED254A8B390013CDBB /* Debug */ = {
			isa = XCBuildConfiguration;
			buildSettings = {
				ALWAYS_SEARCH_USER_PATHS = NO;
				CLANG_ANALYZER_NONNULL = YES;
				CLANG_ANALYZER_NUMBER_OBJECT_CONVERSION = YES_AGGRESSIVE;
				CLANG_CXX_LANGUAGE_STANDARD = "gnu++14";
				CLANG_CXX_LIBRARY = "libc++";
				CLANG_ENABLE_MODULES = YES;
				CLANG_ENABLE_OBJC_ARC = YES;
				CLANG_ENABLE_OBJC_WEAK = YES;
				CLANG_WARN_BLOCK_CAPTURE_AUTORELEASING = YES;
				CLANG_WARN_BOOL_CONVERSION = YES;
				CLANG_WARN_COMMA = YES;
				CLANG_WARN_CONSTANT_CONVERSION = YES;
				CLANG_WARN_DEPRECATED_OBJC_IMPLEMENTATIONS = YES;
				CLANG_WARN_DIRECT_OBJC_ISA_USAGE = YES_ERROR;
				CLANG_WARN_DOCUMENTATION_COMMENTS = YES;
				CLANG_WARN_EMPTY_BODY = YES;
				CLANG_WARN_ENUM_CONVERSION = YES;
				CLANG_WARN_INFINITE_RECURSION = YES;
				CLANG_WARN_INT_CONVERSION = YES;
				CLANG_WARN_NON_LITERAL_NULL_CONVERSION = YES;
				CLANG_WARN_OBJC_IMPLICIT_RETAIN_SELF = YES;
				CLANG_WARN_OBJC_LITERAL_CONVERSION = YES;
				CLANG_WARN_OBJC_ROOT_CLASS = YES_ERROR;
				CLANG_WARN_RANGE_LOOP_ANALYSIS = YES;
				CLANG_WARN_STRICT_PROTOTYPES = YES;
				CLANG_WARN_SUSPICIOUS_MOVE = YES;
				CLANG_WARN_UNGUARDED_AVAILABILITY = YES_AGGRESSIVE;
				CLANG_WARN_UNREACHABLE_CODE = YES;
				CLANG_WARN__DUPLICATE_METHOD_MATCH = YES;
				COPY_PHASE_STRIP = NO;
				DEBUG_INFORMATION_FORMAT = dwarf;
				ENABLE_STRICT_OBJC_MSGSEND = YES;
				ENABLE_TESTABILITY = YES;
				GCC_C_LANGUAGE_STANDARD = gnu11;
				GCC_DYNAMIC_NO_PIC = NO;
				GCC_NO_COMMON_BLOCKS = YES;
				GCC_OPTIMIZATION_LEVEL = 0;
				GCC_PREPROCESSOR_DEFINITIONS = (
					"DEBUG=1",
					"$(inherited)",
				);
				GCC_WARN_64_TO_32_BIT_CONVERSION = YES;
				GCC_WARN_ABOUT_RETURN_TYPE = YES_ERROR;
				GCC_WARN_UNDECLARED_SELECTOR = YES;
				GCC_WARN_UNINITIALIZED_AUTOS = YES_AGGRESSIVE;
				GCC_WARN_UNUSED_FUNCTION = YES;
				GCC_WARN_UNUSED_VARIABLE = YES;
				IPHONEOS_DEPLOYMENT_TARGET = 13.7;
				MTL_ENABLE_DEBUG_INFO = INCLUDE_SOURCE;
				MTL_FAST_MATH = YES;
				ONLY_ACTIVE_ARCH = YES;
				SDKROOT = iphoneos;
				SWIFT_ACTIVE_COMPILATION_CONDITIONS = DEBUG;
				SWIFT_OPTIMIZATION_LEVEL = "-Onone";
			};
			name = Debug;
		};
		CEEC7DEE254A8B390013CDBB /* Release */ = {
			isa = XCBuildConfiguration;
			buildSettings = {
				ALWAYS_SEARCH_USER_PATHS = NO;
				CLANG_ANALYZER_NONNULL = YES;
				CLANG_ANALYZER_NUMBER_OBJECT_CONVERSION = YES_AGGRESSIVE;
				CLANG_CXX_LANGUAGE_STANDARD = "gnu++14";
				CLANG_CXX_LIBRARY = "libc++";
				CLANG_ENABLE_MODULES = YES;
				CLANG_ENABLE_OBJC_ARC = YES;
				CLANG_ENABLE_OBJC_WEAK = YES;
				CLANG_WARN_BLOCK_CAPTURE_AUTORELEASING = YES;
				CLANG_WARN_BOOL_CONVERSION = YES;
				CLANG_WARN_COMMA = YES;
				CLANG_WARN_CONSTANT_CONVERSION = YES;
				CLANG_WARN_DEPRECATED_OBJC_IMPLEMENTATIONS = YES;
				CLANG_WARN_DIRECT_OBJC_ISA_USAGE = YES_ERROR;
				CLANG_WARN_DOCUMENTATION_COMMENTS = YES;
				CLANG_WARN_EMPTY_BODY = YES;
				CLANG_WARN_ENUM_CONVERSION = YES;
				CLANG_WARN_INFINITE_RECURSION = YES;
				CLANG_WARN_INT_CONVERSION = YES;
				CLANG_WARN_NON_LITERAL_NULL_CONVERSION = YES;
				CLANG_WARN_OBJC_IMPLICIT_RETAIN_SELF = YES;
				CLANG_WARN_OBJC_LITERAL_CONVERSION = YES;
				CLANG_WARN_OBJC_ROOT_CLASS = YES_ERROR;
				CLANG_WARN_RANGE_LOOP_ANALYSIS = YES;
				CLANG_WARN_STRICT_PROTOTYPES = YES;
				CLANG_WARN_SUSPICIOUS_MOVE = YES;
				CLANG_WARN_UNGUARDED_AVAILABILITY = YES_AGGRESSIVE;
				CLANG_WARN_UNREACHABLE_CODE = YES;
				CLANG_WARN__DUPLICATE_METHOD_MATCH = YES;
				COPY_PHASE_STRIP = NO;
				DEBUG_INFORMATION_FORMAT = "dwarf-with-dsym";
				ENABLE_NS_ASSERTIONS = NO;
				ENABLE_STRICT_OBJC_MSGSEND = YES;
				GCC_C_LANGUAGE_STANDARD = gnu11;
				GCC_NO_COMMON_BLOCKS = YES;
				GCC_WARN_64_TO_32_BIT_CONVERSION = YES;
				GCC_WARN_ABOUT_RETURN_TYPE = YES_ERROR;
				GCC_WARN_UNDECLARED_SELECTOR = YES;
				GCC_WARN_UNINITIALIZED_AUTOS = YES_AGGRESSIVE;
				GCC_WARN_UNUSED_FUNCTION = YES;
				GCC_WARN_UNUSED_VARIABLE = YES;
				IPHONEOS_DEPLOYMENT_TARGET = 13.7;
				MTL_ENABLE_DEBUG_INFO = NO;
				MTL_FAST_MATH = YES;
				SDKROOT = iphoneos;
				SWIFT_COMPILATION_MODE = wholemodule;
				SWIFT_OPTIMIZATION_LEVEL = "-O";
				VALIDATE_PRODUCT = YES;
			};
			name = Release;
		};
		CEEC7DF0254A8B390013CDBB /* Debug */ = {
			isa = XCBuildConfiguration;
			buildSettings = {
				ASSETCATALOG_COMPILER_APPICON_NAME = AppIcon;
				CODE_SIGN_STYLE = Automatic;
				DEVELOPMENT_ASSET_PATHS = "\"UIStack02/Preview Content\"";
				ENABLE_PREVIEWS = YES;
				INFOPLIST_FILE = UIStack02/Info.plist;
				LD_RUNPATH_SEARCH_PATHS = (
					"$(inherited)",
					"@executable_path/Frameworks",
				);
				PRODUCT_BUNDLE_IDENTIFIER = fcu.edu.tw.UIStack02;
				PRODUCT_NAME = "$(TARGET_NAME)";
				SWIFT_VERSION = 5.0;
				TARGETED_DEVICE_FAMILY = "1,2";
			};
			name = Debug;
		};
		CEEC7DF1254A8B390013CDBB /* Release */ = {
			isa = XCBuildConfiguration;
			buildSettings = {
				ASSETCATALOG_COMPILER_APPICON_NAME = AppIcon;
				CODE_SIGN_STYLE = Automatic;
				DEVELOPMENT_ASSET_PATHS = "\"UIStack02/Preview Content\"";
				ENABLE_PREVIEWS = YES;
				INFOPLIST_FILE = UIStack02/Info.plist;
				LD_RUNPATH_SEARCH_PATHS = (
					"$(inherited)",
					"@executable_path/Frameworks",
				);
				PRODUCT_BUNDLE_IDENTIFIER = fcu.edu.tw.UIStack02;
				PRODUCT_NAME = "$(TARGET_NAME)";
				SWIFT_VERSION = 5.0;
				TARGETED_DEVICE_FAMILY = "1,2";
			};
			name = Release;
		};
/* End XCBuildConfiguration section */

/* Begin XCConfigurationList section */
		CEEC7DD6254A8B330013CDBB /* Build configuration list for PBXProject "UIStack02" */ = {
			isa = XCConfigurationList;
			buildConfigurations = (
				CEEC7DED254A8B390013CDBB /* Debug */,
				CEEC7DEE254A8B390013CDBB /* Release */,
			);
			defaultConfigurationIsVisible = 0;
			defaultConfigurationName = Release;
		};
		CEEC7DEF254A8B390013CDBB /* Build configuration list for PBXNativeTarget "UIStack02" */ = {
			isa = XCConfigurationList;
			buildConfigurations = (
				CEEC7DF0254A8B390013CDBB /* Debug */,
				CEEC7DF1254A8B390013CDBB /* Release */,
			);
			defaultConfigurationIsVisible = 0;
			defaultConfigurationName = Release;
		};
/* End XCConfigurationList section */
	};
	rootObject = CEEC7DD3254A8B330013CDBB /* Project object */;
}
